
Microsoft Visual Studio Solution File, Format Version 12.00
# Visual Studio 2013
VisualStudioVersion = 12.0.31101.0
MinimumVisualStudioVersion = 10.0.40219.1
Project("{FAE04EC0-301F-11D3-BF4B-00C04F79EFBC}") = "ComboBase", "ComboBase\ComboBase.csproj", "{FA7B948D-0E85-4B1F-985E-D382B33A9904}"
EndProject
Global
	GlobalSection(SolutionConfigurationPlatforms) = preSolution
		Debug|Any CPU = Debug|Any CPU
		Release|Any CPU = Release|Any CPU
	EndGlobalSection
	GlobalSection(ProjectConfigurationPlatforms) = postSolution
		{FA7B948D-0E85-4B1F-985E-D382B33A9904}.Debug|Any CPU.ActiveCfg = Debug|Any CPU
		{FA7B948D-0E85-4B1F-985E-D382B33A9904}.Debug|Any CPU.Build.0 = Debug|Any CPU
		{FA7B948D-0E85-4B1F-985E-D382B33A9904}.Release|Any CPU.ActiveCfg = Release|Any CPU
		{FA7B948D-0E85-4B1F-985E-D382B33A9904}.Release|Any CPU.Build.0 = Release|Any CPU
	EndGlobalSection
	GlobalSection(SolutionProperties) = preSolution
		HideSolutionNode = FALSE
	EndGlobalSection
EndGlobal
